<?xml version="1.0" encoding="UTF-8" standalone="yes" ?>
<CodeBlocks_project_file>
	<FileVersion major="1" minor="6" />
	<Project>
		<Option title="JASM" />
		<Option makefile_is_custom="1" />
		<Option pch_mode="2" />
		<Option compiler="gcc" />
		<Build>
			<Target title="Debug">
				<Option output="JASM" prefix_auto="1" extension_auto="1" />
				<Option object_output="/home/stefanozzz123/Devel/C/JASM/.objs" />
				<Option type="1" />
				<Option compiler="gcc" />
				<Compiler>
					<Add option="-g" />
				</Compiler>
				<MakeCommands>
					<Build command="$make -f $makefile debug " />
					<CompileFile command="$make -f $makefile $file" />
					<Clean command="$make -f $makefile clean cleanbin" />
					<DistClean command="$make -f $makefile distclean$target" />
					<AskRebuildNeeded command="$make -q -f $makefile debug " />
					<SilentBuild command="$make -f $makefile debug  &gt; $(CMD_NULL)" />
				</MakeCommands>
			</Target>
			<Target title="Release">
				<Option output="JASM" prefix_auto="1" extension_auto="1" />
				<Option object_output="/home/stefanozzz123/Devel/C/JASM/.objs" />
				<Option type="1" />
				<Option compiler="gcc" />
				<Compiler>
					<Add option="-O2" />
				</Compiler>
				<Linker>
					<Add option="-s" />
				</Linker>
				<MakeCommands>
					<Build command="$make -f $makefile install " />
					<CompileFile command="$make -f $makefile $file" />
					<Clean command="$make -f $makefile clean cleanbin" />
					<DistClean command="$make -f $makefile distclean$target" />
					<AskRebuildNeeded command="$make -q -f $makefile install " />
					<SilentBuild command="$make -f $makefile install  &gt; $(CMD_NULL)" />
				</MakeCommands>
			</Target>
		</Build>
		<Compiler>
			<Add option="-Wall" />
		</Compiler>
		<Unit filename="main.c">
			<Option compilerVar="CC" />
		</Unit>
		<Unit filename="src/main/interfacing/cli/Makefile" />
		<Unit filename="src/main/interfacing/cli/cli.c">
			<Option compilerVar="CC" />
		</Unit>
		<Unit filename="src/main/interfacing/cli/ipc.c">
			<Option compilerVar="CC" />
		</Unit>
		<Unit filename="src/main/interfacing/cli/ipc.h" />
		<Unit filename="src/main/interfacing/cli/miscellaneous.c">
			<Option compilerVar="CC" />
		</Unit>
		<Unit filename="src/main/interfacing/cli/miscellaneous.h" />
		<Unit filename="src/main/interfacing/cli/signals.c">
			<Option compilerVar="CC" />
		</Unit>
		<Unit filename="src/main/interfacing/cli/signals.h" />
		<Unit filename="src/main/interfacing/gui/Makefile" />
		<Unit filename="src/main/interfacing/gui/gui.c">
			<Option compilerVar="CC" />
		</Unit>
		<Unit filename="src/main/jasm/core/Makefile" />
		<Unit filename="src/main/jasm/core/getter.c">
			<Option compilerVar="CC" />
		</Unit>
		<Unit filename="src/main/jasm/core/getter.h" />
		<Unit filename="src/main/jasm/core/ipc.c">
			<Option compilerVar="CC" />
		</Unit>
		<Unit filename="src/main/jasm/core/ipc.h" />
		<Unit filename="src/main/jasm/core/jasm.c">
			<Option compilerVar="CC" />
		</Unit>
		<Unit filename="src/main/jasm/core/miscellaneous.c">
			<Option compilerVar="CC" />
		</Unit>
		<Unit filename="src/main/jasm/core/miscellaneous.h" />
		<Unit filename="src/main/jasm/core/modules.c">
			<Option compilerVar="CC" />
		</Unit>
		<Unit filename="src/main/jasm/core/modules.h" />
		<Unit filename="src/main/jasm/core/queue.c">
			<Option compilerVar="CC" />
		</Unit>
		<Unit filename="src/main/jasm/core/queue.h" />
		<Unit filename="src/main/jasm/core/signals.c">
			<Option compilerVar="CC" />
		</Unit>
		<Unit filename="src/main/jasm/core/signals.h" />
		<Unit filename="src/main/jasm/modules/module_logsender.c">
			<Option compilerVar="CC" />
		</Unit>
		<Unit filename="src/main/jasm/modules/module_logsender.h" />
		<Extensions>
			<code_completion />
			<envvars />
			<debugger />
		</Extensions>
	</Project>
</CodeBlocks_project_file>
